
Microsoft Visual Studio Solution File, Format Version 12.00
# Visual Studio Version 17
VisualStudioVersion = 17.8.34601.278
MinimumVisualStudioVersion = 10.0.40219.1
Project("{FAE04EC0-301F-11D3-BF4B-00C04F79EFBC}") = "ADO.NET DATA_VIEW", "ADO.NET DATA_VIEW\ADO.NET DATA_VIEW.csproj", "{BF4637FE-35E3-45B7-8186-B5338C0A9237}"
EndProject
Global
	GlobalSection(SolutionConfigurationPlatforms) = preSolution
		Debug|Any CPU = Debug|Any CPU
		Release|Any CPU = Release|Any CPU
	EndGlobalSection
	GlobalSection(ProjectConfigurationPlatforms) = postSolution
		{BF4637FE-35E3-45B7-8186-B5338C0A9237}.Debug|Any CPU.ActiveCfg = Debug|Any CPU
		{BF4637FE-35E3-45B7-8186-B5338C0A9237}.Debug|Any CPU.Build.0 = Debug|Any CPU
		{BF4637FE-35E3-45B7-8186-B5338C0A9237}.Release|Any CPU.ActiveCfg = Release|Any CPU
		{BF4637FE-35E3-45B7-8186-B5338C0A9237}.Release|Any CPU.Build.0 = Release|Any CPU
	EndGlobalSection
	GlobalSection(SolutionProperties) = preSolution
		HideSolutionNode = FALSE
	EndGlobalSection
	GlobalSection(ExtensibilityGlobals) = postSolution
		SolutionGuid = {0696E39E-C793-4B75-90F2-23B744A13877}
	EndGlobalSection
EndGlobal
